
Microsoft Visual Studio Solution File, Format Version 12.00
# Visual Studio Version 17
VisualStudioVersion = 17.0.32014.148
MinimumVisualStudioVersion = 10.0.40219.1
Project("{FAE04EC0-301F-11D3-BF4B-00C04F79EFBC}") = "estoque-tek", "estoque-tek\estoque-tek.csproj", "{02E2346C-6BDB-490B-AF28-ED00396728DD}"
EndProject
Global
	GlobalSection(SolutionConfigurationPlatforms) = preSolution
		Debug|Any CPU = Debug|Any CPU
		Release|Any CPU = Release|Any CPU
	EndGlobalSection
	GlobalSection(ProjectConfigurationPlatforms) = postSolution
		{02E2346C-6BDB-490B-AF28-ED00396728DD}.Debug|Any CPU.ActiveCfg = Debug|Any CPU
		{02E2346C-6BDB-490B-AF28-ED00396728DD}.Debug|Any CPU.Build.0 = Debug|Any CPU
		{02E2346C-6BDB-490B-AF28-ED00396728DD}.Release|Any CPU.ActiveCfg = Release|Any CPU
		{02E2346C-6BDB-490B-AF28-ED00396728DD}.Release|Any CPU.Build.0 = Release|Any CPU
	EndGlobalSection
	GlobalSection(SolutionProperties) = preSolution
		HideSolutionNode = FALSE
	EndGlobalSection
	GlobalSection(ExtensibilityGlobals) = postSolution
		SolutionGuid = {403FCE17-DE57-441E-897B-381CC16A9578}
	EndGlobalSection
EndGlobal
